# This file is automatically @generated by Cargo.
# It is not intended for manual editing.
version = 4

[[package]]
name = "abstract-cw-multi-test"
version = "1.0.1"
source = "registry+https://github.com/rust-lang/crates.io-index"
checksum = "0c77f8d4bac08f74fbc4fce8943cb2d35e742682b6cae8cb65555d6cd3830feb"
dependencies = [
 "anyhow",
 "bech32 0.11.1",
 "cosmwasm-schema",
 "cosmwasm-std",
 "cw-storage-plus",
 "cw-utils",
 "cw20-ics20",
 "derivative",
 "hex",
 "itertools",
 "log",
 "prost",
 "schemars",
 "serde",
 "serde_json",
 "sha2 0.10.9",
 "thiserror",
]

[[package]]
name = "ahash"
version = "0.7.8"
source = "registry+https://github.com/rust-lang/crates.io-index"
checksum = "891477e0c6a8957309ee5c45a6368af3ae14bb510732d2684ffa19af310920f9"
dependencies = [
 "getrandom",
 "once_cell",
 "version_check",
]

[[package]]
name = "anyhow"
version = "1.0.104"
source = "registry+https://github.com/rust-lang/crates.io-index"
checksum = "330a5ed07fa54e4702c9d6c4174f74427fc0ef6e214bbd677ae50a5099946470"

[[package]]
name = "arrayvec"
version = "0.7.8"
source = "registry+https://github.com/rust-lang/crates.io-index"
checksum = "d3fb67a6e08acf24fdeccbac2cb6ac4305825bd1f117462e0e6f2f193345ad56"

[[package]]
name = "autocfg"
version = "1.5.1"
source = "registry+https://github.com/rust-lang/crates.io-index"
checksum = "f2032f911046de80f0a198e0901378627c33f59ea0ac00e363d481118bd70a53"

[[package]]
name = "base16ct"
version = "0.2.0"
source = "registry+https://github.com/rust-lang/crates.io-index"
checksum = "4c7f02d4ea65f2c1853089ffd8d2787bdbc63de2f0d29dedbcf8ccdfa0ccd4cf"

[[package]]
name = "base64"
version = "0.21.7"
source = "registry+https://github.com/rust-lang/crates.io-index"
checksum = "9d297deb1925b89f2ccc13d7635fa0714f12c87adce1c75356b39ca9b7178567"

[[package]]
name = "base64ct"
version = "1.8.3"
source = "registry+https://github.com/rust-lang/crates.io-index"
checksum = "2af50177e190e07a26ab74f8b1efbfe2ef87da2116221318cb1c2e82baf7de06"

[[package]]
name = "bech32"
version = "0.9.1"
source = "registry+https://github.com/rust-lang/crates.io-index"
checksum = "d86b93f97252c47b41663388e6d155714a9d0c398b99f1005cbc5f978b29f445"

[[package]]
name = "bech32"
version = "0.11.1"
source = "registry+https://github.com/rust-lang/crates.io-index"
checksum = "32637268377fc7b10a8c6d51de3e7fba1ce5dd371a96e342b34e6078db558e7f"

[[package]]
name = "bitvec"
version = "1.1.1"
source = "registry+https://github.com/rust-lang/crates.io-index"
checksum = "ddcec3d12c579d40898fe0a9a358a803c23e9c52ca3c425707f81c9436211837"
dependencies = [
 "funty",
 "radium",
 "tap",
 "wyz",
]

[[package]]
name = "blake2b_simd"
version = "1.0.5"
source = "registry+https://github.com/rust-lang/crates.io-index"
checksum = "3560a7b1951efe814fcd721938313adc56753ca39f4b23847d7e9a2402f5dbff"
dependencies = [
 "arrayvec",
 "constant_time_eq",
]

[[package]]
name = "block-buffer"
version = "0.9.0"
source = "registry+https://github.com/rust-lang/crates.io-index"
checksum = "4152116fd6e9dadb291ae18fc1ec3575ed6d84c29642d97890f4b4a3417297e4"
dependencies = [
 "generic-array",
]

[[package]]
name = "block-buffer"
version = "0.10.4"
source = "registry+https://github.com/rust-lang/crates.io-index"
checksum = "3078c7629b62d3f0439517fa394996acacc5cbc91c5a20d8c658e77abd503a71"
dependencies = [
 "generic-array",
]

[[package]]
name = "bnum"
version = "0.10.0"
source = "registry+https://github.com/rust-lang/crates.io-index"
checksum = "56953345e39537a3e18bdaeba4cb0c58a78c1f61f361dc0fa7c5c7340ae87c5f"

[[package]]
name = "byteorder"
version = "1.5.0"
source = "registry+https://github.com/rust-lang/crates.io-index"
checksum = "1fd0f2584146f6f2ef48085050886acf353beff7305ebd1ae69500e27c67f64b"

[[package]]
name = "bytes"
version = "1.12.1"
source = "registry+https://github.com/rust-lang/crates.io-index"
checksum = "fc652a48c352aef3ea3aed32080501cf3ef6ed5da78602a020c991775b0aff04"
dependencies = [
 "serde",
]

[[package]]
name = "cfg-if"
version = "1.0.4"
source = "registry+https://github.com/rust-lang/crates.io-index"
checksum = "9330f8b2ff13f34540b44e946ef35111825727b38d33286ef986142615121801"

[[package]]
name = "const-oid"
version = "0.9.6"
source = "registry+https://github.com/rust-lang/crates.io-index"
checksum = "c2459377285ad874054d797f3ccebf984978aa39129f6eafde5cdc8315b612f8"

[[package]]
name = "constant_time_eq"
version = "0.4.2"
source = "registry+https://github.com/rust-lang/crates.io-index"
checksum = "3d52eff69cd5e647efe296129160853a42795992097e8af39800e1060caeea9b"

[[package]]
name = "convert_case"
version = "0.6.0"
source = "registry+https://github.com/rust-lang/crates.io-index"
checksum = "ec182b0ca2f35d8fc196cf3404988fd8b8c739a4d270ff118a398feb0cbec1ca"
dependencies = [
 "unicode-segmentation",
]

[[package]]
name = "cosmos-sdk-proto"
version = "0.21.1"
source = "registry+https://github.com/rust-lang/crates.io-index"
checksum = "82e23f6ab56d5f031cde05b8b82a5fefd3a1a223595c79e32317a97189e612bc"
dependencies = [
 "prost",
 "prost-types",
 "tendermint-proto",
]

[[package]]
name = "cosmwasm-crypto"
version = "1.5.11"
source = "registry+https://github.com/rust-lang/crates.io-index"
checksum = "a9c82e56962f0f18c9a292aa59940e03a82ce15ef79b93679d5838bb8143f0df"
dependencies = [
 "digest 0.10.7",
 "ed25519-zebra",
 "k256",
 "rand_core 0.6.4",
 "thiserror",
]

[[package]]
name = "cosmwasm-derive"
version = "1.5.11"
source = "registry+https://github.com/rust-lang/crates.io-index"
checksum = "d9b804ff15a0e059c88f85ae0e868cf8c7aba9d61221e46f1ad7250f270628c7"
dependencies = [
 "syn 1.0.109",
]

[[package]]
name = "cosmwasm-schema"
version = "1.5.11"
source = "registry+https://github.com/rust-lang/crates.io-index"
checksum = "5526ea839acb47bbf8fff031ed9aad86e74d43f77b089255417328c3664367d5"
dependencies = [
 "cosmwasm-schema-derive",
 "schemars",
 "serde",
 "serde_json",
 "thiserror",
]

[[package]]
name = "cosmwasm-schema-derive"
version = "1.5.11"
source = "registry+https://github.com/rust-lang/crates.io-index"
checksum = "10f41b99f41f840765d02ae858956bb52af910755976312082e90493c67db512"
dependencies = [
 "proc-macro2",
 "quote",
 "syn 1.0.109",
]

[[package]]
name = "cosmwasm-std"
version = "1.5.11"
source = "registry+https://github.com/rust-lang/crates.io-index"
checksum = "763340055b84e5482ed90fec8194ff7d59112267a09bbf5819c9e3edca8c052e"
dependencies = [
 "base64",
 "bech32 0.9.1",
 "bnum",
 "cosmwasm-crypto",
 "cosmwasm-derive",
 "derivative",
 "forward_ref",
 "hex",
 "schemars",
 "serde",
 "serde-json-wasm",
 "sha2 0.10.9",
 "static_assertions",
 "thiserror",
]

[[package]]
name = "cpufeatures"
version = "0.2.17"
source = "registry+https://github.com/rust-lang/crates.io-index"
checksum = "59ed5838eebb26a2bb2e58f6d5b5316989ae9d08bab10e0e6d103e656d1b0280"
dependencies = [
 "libc",
]

[[package]]
name = "crossbeam-deque"
version = "0.8.7"
source = "registry+https://github.com/rust-lang/crates.io-index"
checksum = "5181e0de7b61eb03a81e347d6dd8797bae9da5146707b51077e2d71a54ec0ceb"
dependencies = [
 "crossbeam-epoch",
 "crossbeam-utils",
]

[[package]]
name = "crossbeam-epoch"
version = "0.9.20"
source = "registry+https://github.com/rust-lang/crates.io-index"
checksum = "2d6914041f254d6e9176c01941b21115dcfb7089e55135a35411081bd106ef3f"
dependencies = [
 "crossbeam-utils",
]

[[package]]
name = "crossbeam-utils"
version = "0.8.22"
source = "registry+https://github.com/rust-lang/crates.io-index"
checksum = "61803da095bee82a81bb1a452ecc25d3b2f1416d1897eb86430c6159ef717c17"

[[package]]
name = "crypto-bigint"
version = "0.5.5"
source = "registry+https://github.com/rust-lang/crates.io-index"
checksum = "0dc92fb57ca44df6db8059111ab3af99a63d5d0f8375d9972e319a379c6bab76"
dependencies = [
 "generic-array",
 "rand_core 0.6.4",
 "subtle",
 "zeroize",
]

[[package]]
name = "crypto-common"
version = "0.1.7"
source = "registry+https://github.com/rust-lang/crates.io-index"
checksum = "78c8292055d1c1df0cce5d180393dc8cce0abec0a7102adb6c7b1eef6016d60a"
dependencies = [
 "generic-array",
 "typenum",
]

[[package]]
name = "curve25519-dalek"
version = "3.2.0"
source = "registry+https://github.com/rust-lang/crates.io-index"
checksum = "0b9fdf9972b2bd6af2d913799d9ebc165ea4d2e65878e329d9c6b372c4491b61"
dependencies = [
 "byteorder",
 "digest 0.9.0",
 "rand_core 0.5.1",
 "subtle",
 "zeroize",
]

[[package]]
name = "cw-controllers"
version = "1.1.2"
source = "registry+https://github.com/rust-lang/crates.io-index"
checksum = "57de8d3761e46be863e3ac1eba8c8a976362a48c6abf240df1e26c3e421ee9e8"
dependencies = [
 "cosmwasm-schema",
 "cosmwasm-std",
 "cw-storage-plus",
 "cw-utils",
 "schemars",
 "serde",
 "thiserror",
]

[[package]]
name = "cw-orch"
version = "0.24.1"
source = "registry+https://github.com/rust-lang/crates.io-index"
checksum = "0c81cb500eb2f9be31a0f90c7ce66572ee4a790ffbae1c6b42ff2e3f9faf3479"
dependencies = [
 "anyhow",
 "cosmwasm-std",
 "cw-orch-contract-derive",
 "cw-orch-core",
 "cw-orch-fns-derive",
 "cw-orch-mock",
 "cw-orch-traits",
 "cw-utils",
 "hex",
 "log",
 "schemars",
 "serde",
 "thiserror",
]

[[package]]
name = "cw-orch-contract-derive"
version = "0.21.1"
source = "registry+https://github.com/rust-lang/crates.io-index"
checksum = "bad52865e313bb7ed3f3938f7ad9d566e430fb6143a63476c22bed505ea78cd7"
dependencies = [
 "convert_case",
 "quote",
 "syn 2.0.119",
]

[[package]]
name = "cw-orch-core"
version = "1.2.4"
source = "registry+https://github.com/rust-lang/crates.io-index"
checksum = "9466093ad8bf067f9eebbe25835ada3ea155726ca557d9d1c7681538078ef24f"
dependencies = [
 "abstract-cw-multi-test",
 "anyhow",
 "cosmos-sdk-proto",
 "cosmwasm-std",
 "cw-storage-plus",
 "cw-utils",
 "dirs",
 "log",
 "serde",
 "serde_json",
 "sha2 0.10.9",
 "thiserror",
]

[[package]]
name = "cw-orch-fns-derive"
version = "0.22.0"
source = "registry+https://github.com/rust-lang/crates.io-index"
checksum = "b9e21b23116a0702f540d7fa3f16e8276682d860b589fed56259220ad59d768e"
dependencies = [
 "convert_case",
 "proc-macro2",
 "quote",
 "syn 1.0.109",
]

[[package]]
name = "cw-orch-mock"
version = "0.23.2"
source = "registry+https://github.com/rust-lang/crates.io-index"
checksum = "57beb30d841bde79df51c9402741ef926ca8ef7ecd3570aa180074f767ac04d3"
dependencies = [
 "abstract-cw-multi-test",
 "cosmwasm-std",
 "cw-orch-core",
 "cw-utils",
 "log",
 "serde",
 "sha2 0.10.9",
]

[[package]]
name = "cw-orch-traits"
version = "0.23.3"
source = "registry+https://github.com/rust-lang/crates.io-index"
checksum = "70e6b81dc282724c9c6334a499f4867e575458e69fe5b99034d4f962860f3357"
dependencies = [
 "cw-orch-core",
 "prost",
 "prost-types",
]

[[package]]
name = "cw-pir-escrow"
version = "0.1.0"
dependencies = [
 "cosmwasm-std",
 "cw-orch",
 "cw-storage-plus",
 "hex",
 "hosting-payment",
 "schemars",
 "serde",
 "sha2 0.10.9",
]

[[package]]
name = "cw-storage-plus"
version = "1.2.0"
source = "registry+https://github.com/rust-lang/crates.io-index"
checksum = "d5ff29294ee99373e2cd5fd21786a3c0ced99a52fec2ca347d565489c61b723c"
dependencies = [
 "cosmwasm-std",
 "schemars",
 "serde",
]

[[package]]
name = "cw-utils"
version = "1.0.3"
source = "registry+https://github.com/rust-lang/crates.io-index"
checksum = "1c4a657e5caacc3a0d00ee96ca8618745d050b8f757c709babafb81208d4239c"
dependencies = [
 "cosmwasm-schema",
 "cosmwasm-std",
 "cw2",
 "schemars",
 "semver",
 "serde",
 "thiserror",
]

[[package]]
name = "cw2"
version = "1.1.2"
source = "registry+https://github.com/rust-lang/crates.io-index"
checksum = "c6c120b24fbbf5c3bedebb97f2cc85fbfa1c3287e09223428e7e597b5293c1fa"
dependencies = [
 "cosmwasm-schema",
 "cosmwasm-std",
 "cw-storage-plus",
 "schemars",
 "semver",
 "serde",
 "thiserror",
]

[[package]]
name = "cw20"
version = "1.1.2"
source = "registry+https://github.com/rust-lang/crates.io-index"
checksum = "526e39bb20534e25a1cd0386727f0038f4da294e5e535729ba3ef54055246abd"
dependencies = [
 "cosmwasm-schema",
 "cosmwasm-std",
 "cw-utils",
 "schemars",
 "serde",
]

[[package]]
name = "cw20-ics20"
version = "1.1.2"
source = "registry+https://github.com/rust-lang/crates.io-index"
checksum = "76221201da08fed611c857ea3aa21c031a4a7dc771a8b1750559ca987335dc02"
dependencies = [
 "cosmwasm-schema",
 "cosmwasm-std",
 "cw-controllers",
 "cw-storage-plus",
 "cw-utils",
 "cw2",
 "cw20",
 "schemars",
 "semver",
 "serde",
 "thiserror",
]

[[package]]
name = "der"
version = "0.7.10"
source = "registry+https://github.com/rust-lang/crates.io-index"
checksum = "e7c1832837b905bbfb5101e07cc24c8deddf52f93225eee6ead5f4d63d53ddcb"
dependencies = [
 "const-oid",
 "zeroize",
]

[[package]]
name = "deranged"
version = "0.5.8"
source = "registry+https://github.com/rust-lang/crates.io-index"
checksum = "7cd812cc2bc1d69d4764bd80df88b4317eaef9e773c75226407d9bc0876b211c"

[[package]]
name = "derivative"
version = "2.2.0"
source = "registry+https://github.com/rust-lang/crates.io-index"
checksum = "fcc3dd5e9e9c0b295d6e1e4d811fb6f157d5ffd784b8d202fc62eac8035a770b"
dependencies = [
 "proc-macro2",
 "quote",
 "syn 1.0.109",
]

[[package]]
name = "digest"
version = "0.9.0"
source = "registry+https://github.com/rust-lang/crates.io-index"
checksum = "d3dd60d1080a57a05ab032377049e0591415d2b31afd7028356dbf3cc6dcb066"
dependencies = [
 "generic-array",
]

[[package]]
name = "digest"
version = "0.10.7"
source = "registry+https://github.com/rust-lang/crates.io-index"
checksum = "9ed9a281f7bc9b7576e61468ba615a66a5c8cfdff42420a70aa82701a3b1e292"
dependencies = [
 "block-buffer 0.10.4",
 "const-oid",
 "crypto-common",
 "subtle",
]

[[package]]
name = "dirs"
version = "5.0.1"
source = "registry+https://github.com/rust-lang/crates.io-index"
checksum = "44c45a9d03d6676652bcb5e724c7e988de1acad23a711b5217ab9cbecbec2225"
dependencies = [
 "dirs-sys",
]

[[package]]
name = "dirs-sys"
version = "0.4.1"
source = "registry+https://github.com/rust-lang/crates.io-index"
checksum = "520f05a5cbd335fae5a99ff7a6ab8627577660ee5cfd6a94a6a929b52ff0321c"
dependencies = [
 "libc",
 "option-ext",
 "redox_users",
 "windows-sys",
]

[[package]]
name = "dyn-clone"
version = "1.0.20"
source = "registry+https://github.com/rust-lang/crates.io-index"
checksum = "d0881ea181b1df73ff77ffaaf9c7544ecc11e82fba9b5f27b262a3c73a332555"

[[package]]
name = "ecdsa"
version = "0.16.9"
source = "registry+https://github.com/rust-lang/crates.io-index"
checksum = "ee27f32b5c5292967d2d4a9d7f1e0b0aed2c15daded5a60300e4abb9d8020bca"
dependencies = [
 "der",
 "digest 0.10.7",
 "elliptic-curve",
 "rfc6979",
 "signature",
 "spki",
]

[[package]]
name = "ed25519-zebra"
version = "3.1.0"
source = "registry+https://github.com/rust-lang/crates.io-index"
checksum = "7c24f403d068ad0b359e577a77f92392118be3f3c927538f2bb544a5ecd828c6"
dependencies = [
 "curve25519-dalek",
 "hashbrown",
 "hex",
 "rand_core 0.6.4",
 "serde",
 "sha2 0.9.9",
 "zeroize",
]

[[package]]
name = "either"
version = "1.17.0"
source = "registry+https://github.com/rust-lang/crates.io-index"
checksum = "9e5e8f6c15a24b9a3ee5efec809ccd006d3b30e8b3bb63c39af737c7f87daa1d"

[[package]]
name = "elliptic-curve"
version = "0.13.8"
source = "registry+https://github.com/rust-lang/crates.io-index"
checksum = "b5e6043086bf7973472e0c7dff2142ea0b680d30e18d9cc40f267efbf222bd47"
dependencies = [
 "base16ct",
 "crypto-bigint",
 "digest 0.10.7",
 "ff",
 "generic-array",
 "group",
 "pkcs8",
 "rand_core 0.6.4",
 "sec1",
 "subtle",
 "zeroize",
]

[[package]]
name = "ff"
version = "0.13.1"
source = "registry+https://github.com/rust-lang/crates.io-index"
checksum = "c0b50bfb653653f9ca9095b427bed08ab8d75a137839d9ad64eb11810d5b6393"
dependencies = [
 "bitvec",
 "rand_core 0.6.4",
 "subtle",
]

[[package]]
name = "flex-error"
version = "0.4.4"
source = "registry+https://github.com/rust-lang/crates.io-index"
checksum = "c606d892c9de11507fa0dcffc116434f94e105d0bbdc4e405b61519464c49d7b"
dependencies = [
 "paste",
]

[[package]]
name = "forward_ref"
version = "1.0.0"
source = "registry+https://github.com/rust-lang/crates.io-index"
checksum = "c8cbd1169bd7b4a0a20d92b9af7a7e0422888bd38a6f5ec29c1fd8c1558a272e"

[[package]]
name = "funty"
version = "2.0.0"
source = "registry+https://github.com/rust-lang/crates.io-index"
checksum = "e6d5a32815ae3f33302d95fdcb2ce17862f8c65363dcfd29360480ba1001fc9c"

[[package]]
name = "generic-array"
version = "0.14.7"
source = "registry+https://github.com/rust-lang/crates.io-index"
checksum = "85649ca51fd72272d7821adaf274ad91c288277713d9c18820d8499a7ff69e9a"
dependencies = [
 "typenum",
 "version_check",
 "zeroize",
]

[[package]]
name = "getrandom"
version = "0.2.17"
source = "registry+https://github.com/rust-lang/crates.io-index"
checksum = "ff2abc00be7fca6ebc474524697ae276ad847ad0a6b3faa4bcb027e9a4614ad0"
dependencies = [
 "cfg-if",
 "libc",
 "wasi",
]

[[package]]
name = "group"
version = "0.13.0"
source = "registry+https://github.com/rust-lang/crates.io-index"
checksum = "f0f9ef7462f7c099f518d754361858f86d8a07af53ba9af0fe635bbccb151a63"
dependencies = [
 "ff",
 "rand_core 0.6.4",
 "subtle",
]

[[package]]
name = "halo2_proofs"
version = "0.3.2"
dependencies = [
 "blake2b_simd",
 "digest 0.10.7",
 "ff",
 "group",
 "hex",
 "indexmap",
 "maybe-rayon",
 "pasta_curves",
 "rand_core 0.6.4",
 "sha2 0.10.9",
 "tracing",
]

[[package]]
name = "hashbrown"
version = "0.12.3"
source = "registry+https://github.com/rust-lang/crates.io-index"
checksum = "8a9ee70c43aaf417c914396645a0fa852624801b24ebb7ae78fe8272889ac888"
dependencies = [
 "ahash",
]

[[package]]
name = "hex"
version = "0.4.3"
source = "registry+https://github.com/rust-lang/crates.io-index"
checksum = "7f24254aa9a54b5c858eaee2f5bccdb46aaf0e486a595ed5fd8f86ba55232a70"

[[package]]
name = "hmac"
version = "0.12.1"
source = "registry+https://github.com/rust-lang/crates.io-index"
checksum = "6c49c37c09c17a53d937dfbb742eb3a961d65a994e6bcdcf37e7399d0cc8ab5e"
dependencies = [
 "digest 0.10.7",
]

[[package]]
name = "hosting-payment"
version = "0.1.0"
dependencies = [
 "ff",
 "getrandom",
 "group",
 "halo2_proofs",
 "hex",
 "pasta_curves",
 "rand",
 "sha2 0.10.9",
 "zap1-verify",
]

[[package]]
name = "indexmap"
version = "1.9.3"
source = "registry+https://github.com/rust-lang/crates.io-index"
checksum = "bd070e393353796e801d209ad339e89596eb4c8d430d18ede6a1cced8fafbd99"
dependencies = [
 "autocfg",
 "hashbrown",
]

[[package]]
name = "itertools"
version = "0.12.1"
source = "registry+https://github.com/rust-lang/crates.io-index"
checksum = "ba291022dbbd398a455acf126c1e341954079855bc60dfdda641363bd6922569"
dependencies = [
 "either",
]

[[package]]
name = "itoa"
version = "1.0.18"
source = "registry+https://github.com/rust-lang/crates.io-index"
checksum = "8f42a60cbdf9a97f5d2305f08a87dc4e09308d1276d28c869c684d7777685682"

[[package]]
name = "k256"
version = "0.13.4"
source = "registry+https://github.com/rust-lang/crates.io-index"
checksum = "f6e3919bbaa2945715f0bb6d3934a173d1e9a59ac23767fbaaef277265a7411b"
dependencies = [
 "cfg-if",
 "ecdsa",
 "elliptic-curve",
 "once_cell",
 "sha2 0.10.9",
 "signature",
]

[[package]]
name = "lazy_static"
version = "1.5.0"
source = "registry+https://github.com/rust-lang/crates.io-index"
checksum = "bbd2bcb4c963f2ddae06a2efc7e9f3591312473c50c6685e1f298068316e66fe"
dependencies = [
 "spin",
]

[[package]]
name = "libc"
version = "0.2.189"
source = "registry+https://github.com/rust-lang/crates.io-index"
checksum = "3eaf3ede3fee6db1a4c2ee091bf8a8b4dccdc6d17f656fb07896ee72867612f2"

[[package]]
name = "libredox"
version = "0.1.19"
source = "registry+https://github.com/rust-lang/crates.io-index"
checksum = "2026a5056764a10b2bf5d56488cba40da507f5493a6a429340e2004d9ed085fa"
dependencies = [
 "libc",
]

[[package]]
name = "log"
version = "0.4.33"
source = "registry+https://github.com/rust-lang/crates.io-index"
checksum = "0ceec5bc11778974d1bcb055b18002eba7f4b3518b6a0081b3af5f21666da9ad"

[[package]]
name = "maybe-rayon"
version = "0.1.1"
source = "registry+https://github.com/rust-lang/crates.io-index"
checksum = "8ea1f30cedd69f0a2954655f7188c6a834246d2bcf1e315e2ac40c4b24dc9519"
dependencies = [
 "cfg-if",
 "rayon",
]

[[package]]
name = "memchr"
version = "2.8.3"
source = "registry+https://github.com/rust-lang/crates.io-index"
checksum = "cf8baf1c55e62ffcace7a9f06f4bd9cd3f0c4beb022d3b367256b91b87513d98"

[[package]]
name = "num-conv"
version = "0.2.2"
source = "registry+https://github.com/rust-lang/crates.io-index"
checksum = "521739c6d2bac4aa25192232afe6841231376b2b26d4d9fae5ecf8ca5772e441"

[[package]]
name = "num-derive"
version = "0.4.2"
source = "registry+https://github.com/rust-lang/crates.io-index"
checksum = "ed3955f1a9c7c0c15e092f9c887db08b1fc683305fdf6eb6684f22555355e202"
dependencies = [
 "proc-macro2",
 "quote",
 "syn 2.0.119",
]

[[package]]
name = "num-traits"
version = "0.2.19"
source = "registry+https://github.com/rust-lang/crates.io-index"
checksum = "071dfc062690e90b734c0b2273ce72ad0ffa95f0c74596bc250dcfd960262841"
dependencies = [
 "autocfg",
]

[[package]]
name = "once_cell"
version = "1.21.4"
source = "registry+https://github.com/rust-lang/crates.io-index"
checksum = "9f7c3e4beb33f85d45ae3e3a1792185706c8e16d043238c593331cc7cd313b50"

[[package]]
name = "opaque-debug"
version = "0.3.1"
source = "registry+https://github.com/rust-lang/crates.io-index"
checksum = "c08d65885ee38876c4f86fa503fb49d7b507c2b62552df7c70b2fce627e06381"

[[package]]
name = "option-ext"
version = "0.2.0"
source = "registry+https://github.com/rust-lang/crates.io-index"
checksum = "04744f49eae99ab78e0d5c0b603ab218f515ea8cfe5a456d7629ad883a3b6e7d"

[[package]]
name = "pasta_curves"
version = "0.5.2"
source = "registry+https://github.com/rust-lang/crates.io-index"
checksum = "3437083215c505e867eea5478371feba43d7689d6d15ec0a209eb46fb0d4cda6"
dependencies = [
 "blake2b_simd",
 "ff",
 "group",
 "lazy_static",
 "rand",
 "static_assertions",
 "subtle",
]

[[package]]
name = "paste"
version = "1.0.15"
source = "registry+https://github.com/rust-lang/crates.io-index"
checksum = "57c0d7b74b563b49d38dae00a0c37d4d6de9b432382b2892f0574ddcae73fd0a"

[[package]]
name = "pin-project-lite"
version = "0.2.17"
source = "registry+https://github.com/rust-lang/crates.io-index"
checksum = "a89322df9ebe1c1578d689c92318e070967d1042b512afbe49518723f4e6d5cd"

[[package]]
name = "pkcs8"
version = "0.10.2"
source = "registry+https://github.com/rust-lang/crates.io-index"
checksum = "f950b2377845cebe5cf8b5165cb3cc1a5e0fa5cfa3e1f7f55707d8fd82e0a7b7"
dependencies = [
 "der",
 "spki",
]

[[package]]
name = "powerfmt"
version = "0.2.0"
source = "registry+https://github.com/rust-lang/crates.io-index"
checksum = "439ee305def115ba05938db6eb1644ff94165c5ab5e9420d1c1bcedbba909391"

[[package]]
name = "ppv-lite86"
version = "0.2.21"
source = "registry+https://github.com/rust-lang/crates.io-index"
checksum = "85eae3c4ed2f50dcfe72643da4befc30deadb458a9b590d720cde2f2b1e97da9"
dependencies = [
 "zerocopy",
]

[[package]]
name = "proc-macro2"
version = "1.0.107"
source = "registry+https://github.com/rust-lang/crates.io-index"
checksum = "985e7ec9bb745e6ce6535b544d84d6cd6f7ad8bd711c398938ae983b91a766d9"
dependencies = [
 "unicode-ident",
]

[[package]]
name = "prost"
version = "0.12.6"
source = "registry+https://github.com/rust-lang/crates.io-index"
checksum = "deb1435c188b76130da55f17a466d252ff7b1418b2ad3e037d127b94e3411f29"
dependencies = [
 "bytes",
 "prost-derive",
]

[[package]]
name = "prost-derive"
version = "0.12.6"
source = "registry+https://github.com/rust-lang/crates.io-index"
checksum = "81bddcdb20abf9501610992b6759a4c888aef7d1a7247ef75e2404275ac24af1"
dependencies = [
 "anyhow",
 "itertools",
 "proc-macro2",
 "quote",
 "syn 2.0.119",
]

[[package]]
name = "prost-types"
version = "0.12.6"
source = "registry+https://github.com/rust-lang/crates.io-index"
checksum = "9091c90b0a32608e984ff2fa4091273cbdd755d54935c51d520887f4a1dbd5b0"
dependencies = [
 "prost",
]

[[package]]
name = "quote"
version = "1.0.47"
source = "registry+https://github.com/rust-lang/crates.io-index"
checksum = "1fbf4db142a473a8d80c26bbf18454ed458bf8d26c8219c331daecfdbd079001"
dependencies = [
 "proc-macro2",
]

[[package]]
name = "radium"
version = "0.7.0"
source = "registry+https://github.com/rust-lang/crates.io-index"
checksum = "dc33ff2d4973d518d823d61aa239014831e521c75da58e3df4840d3f47749d09"

[[package]]
name = "rand"
version = "0.8.8"
source = "registry+https://github.com/rust-lang/crates.io-index"
checksum = "e058c7de0b26af77780c769414d6257830bb240f3c38477dbc2c16e5f54d6d4c"
dependencies = [
 "libc",
 "rand_chacha",
 "rand_core 0.6.4",
]

[[package]]
name = "rand_chacha"
version = "0.3.1"
source = "registry+https://github.com/rust-lang/crates.io-index"
checksum = "e6c10a63a0fa32252be49d21e7709d4d4baf8d231c2dbce1eaa8141b9b127d88"
dependencies = [
 "ppv-lite86",
 "rand_core 0.6.4",
]

[[package]]
name = "rand_core"
version = "0.5.1"
source = "registry+https://github.com/rust-lang/crates.io-index"
checksum = "90bde5296fc891b0cef12a6d03ddccc162ce7b2aff54160af9338f8d40df6d19"

[[package]]
name = "rand_core"
version = "0.6.4"
source = "registry+https://github.com/rust-lang/crates.io-index"
checksum = "ec0be4795e2f6a28069bec0b5ff3e2ac9bafc99e6a9a7dc3547996c5c816922c"
dependencies = [
 "getrandom",
]

[[package]]
name = "rayon"
version = "1.12.0"
source = "registry+https://github.com/rust-lang/crates.io-index"
checksum = "fb39b166781f92d482534ef4b4b1b2568f42613b53e5b6c160e24cfbfa30926d"
dependencies = [
 "either",
 "rayon-core",
]

[[package]]
name = "rayon-core"
version = "1.13.0"
source = "registry+https://github.com/rust-lang/crates.io-index"
checksum = "22e18b0f0062d30d4230b2e85ff77fdfe4326feb054b9783a3460d8435c8ab91"
dependencies = [
 "crossbeam-deque",
 "crossbeam-utils",
]

[[package]]
name = "redox_users"
version = "0.4.6"
source = "registry+https://github.com/rust-lang/crates.io-index"
checksum = "ba009ff324d1fc1b900bd1fdb31564febe58a8ccc8a6fdbb93b543d33b13ca43"
dependencies = [
 "getrandom",
 "libredox",
 "thiserror",
]

[[package]]
name = "rfc6979"
version = "0.4.0"
source = "registry+https://github.com/rust-lang/crates.io-index"
checksum = "f8dd2a808d456c4a54e300a23e9f5a67e122c3024119acbfd73e3bf664491cb2"
dependencies = [
 "hmac",
 "subtle",
]

[[package]]
name = "schemars"
version = "0.8.22"
source = "registry+https://github.com/rust-lang/crates.io-index"
checksum = "3fbf2ae1b8bc8e02df939598064d22402220cd5bbcca1c76f7d6a310974d5615"
dependencies = [
 "dyn-clone",
 "schemars_derive",
 "serde",
 "serde_json",
]

[[package]]
name = "schemars_derive"
version = "0.8.22"
source = "registry+https://github.com/rust-lang/crates.io-index"
checksum = "32e265784ad618884abaea0600a9adf15393368d840e0222d101a072f3f7534d"
dependencies = [
 "proc-macro2",
 "quote",
 "serde_derive_internals",
 "syn 2.0.119",
]

[[package]]
name = "sec1"
version = "0.7.3"
source = "registry+https://github.com/rust-lang/crates.io-index"
checksum = "d3e97a565f76233a6003f9f5c54be1d9c5bdfa3eccfb189469f11ec4901c47dc"
dependencies = [
 "base16ct",
 "der",
 "generic-array",
 "pkcs8",
 "subtle",
 "zeroize",
]

[[package]]
name = "semver"
version = "1.0.28"
source = "registry+https://github.com/rust-lang/crates.io-index"
checksum = "8a7852d02fc848982e0c167ef163aaff9cd91dc640ba85e263cb1ce46fae51cd"

[[package]]
name = "serde"
version = "1.0.229"
source = "registry+https://github.com/rust-lang/crates.io-index"
checksum = "4148590afebada386688f18773da617792bf2ef03ffc1e4cbd2b1d45b023e0ba"
dependencies = [
 "serde_core",
 "serde_derive",
]

[[package]]
name = "serde-json-wasm"
version = "0.5.2"
source = "registry+https://github.com/rust-lang/crates.io-index"
checksum = "9e9213a07d53faa0b8dd81e767a54a8188a242fdb9be99ab75ec576a774bfdd7"
dependencies = [
 "serde",
]

[[package]]
name = "serde_bytes"
version = "0.11.19"
source = "registry+https://github.com/rust-lang/crates.io-index"
checksum = "a5d440709e79d88e51ac01c4b72fc6cb7314017bb7da9eeff678aa94c10e3ea8"
dependencies = [
 "serde",
 "serde_core",
]

[[package]]
name = "serde_core"
version = "1.0.229"
source = "registry+https://github.com/rust-lang/crates.io-index"
checksum = "67dca2c9c51e58a4791a4b1ed58308b39c64224d349a935ab5039aa360942a48"
dependencies = [
 "serde_derive",
]

[[package]]
name = "serde_derive"
version = "1.0.229"
source = "registry+https://github.com/rust-lang/crates.io-index"
checksum = "e7a5d71263a5a7d47b41f6b3f06ba276f10cc18b0931f1799f710578e2309348"
dependencies = [
 "proc-macro2",
 "quote",
 "syn 3.0.3",
]

[[package]]
name = "serde_derive_internals"
version = "0.29.1"
source = "registry+https://github.com/rust-lang/crates.io-index"
checksum = "18d26a20a969b9e3fdf2fc2d9f21eda6c40e2de84c9408bb5d3b05d499aae711"
dependencies = [
 "proc-macro2",
 "quote",
 "syn 2.0.119",
]

[[package]]
name = "serde_json"
version = "1.0.151"
source = "registry+https://github.com/rust-lang/crates.io-index"
checksum = "c841b55ecdae098c80dcae9cf767f6f8a0c2cdb3416bbef72181df4d0fe73f14"
dependencies = [
 "itoa",
 "memchr",
 "serde",
 "serde_core",
 "zmij",
]

[[package]]
name = "sha2"
version = "0.9.9"
source = "registry+https://github.com/rust-lang/crates.io-index"
checksum = "4d58a1e1bf39749807d89cf2d98ac2dfa0ff1cb3faa38fbb64dd88ac8013d800"
dependencies = [
 "block-buffer 0.9.0",
 "cfg-if",
 "cpufeatures",
 "digest 0.9.0",
 "opaque-debug",
]

[[package]]
name = "sha2"
version = "0.10.9"
source = "registry+https://github.com/rust-lang/crates.io-index"
checksum = "a7507d819769d01a365ab707794a4084392c824f54a7a6a7862f8c3d0892b283"
dependencies = [
 "cfg-if",
 "cpufeatures",
 "digest 0.10.7",
]

[[package]]
name = "signature"
version = "2.2.0"
source = "registry+https://github.com/rust-lang/crates.io-index"
checksum = "77549399552de45a898a580c1b41d445bf730df867cc44e6c0233bbc4b8329de"
dependencies = [
 "digest 0.10.7",
 "rand_core 0.6.4",
]

[[package]]
name = "spin"
version = "0.9.9"
source = "registry+https://github.com/rust-lang/crates.io-index"
checksum = "3763264f6b73151db08c50ff20d7d8a0b8796e021cdea7ceedad07b80155fa0e"

[[package]]
name = "spki"
version = "0.7.3"
source = "registry+https://github.com/rust-lang/crates.io-index"
checksum = "d91ed6c858b01f942cd56b37a94b3e0a1798290327d1236e4d9cf4eaca44d29d"
dependencies = [
 "base64ct",
 "der",
]

[[package]]
name = "static_assertions"
version = "1.1.0"
source = "registry+https://github.com/rust-lang/crates.io-index"
checksum = "a2eb9349b6444b326872e140eb1cf5e7c522154d69e7a0ffb0fb81c06b37543f"

[[package]]
name = "subtle"
version = "2.6.1"
source = "registry+https://github.com/rust-lang/crates.io-index"
checksum = "13c2bddecc57b384dee18652358fb23172facb8a2c51ccc10d74c157bdea3292"

[[package]]
name = "subtle-encoding"
version = "0.5.1"
source = "registry+https://github.com/rust-lang/crates.io-index"
checksum = "7dcb1ed7b8330c5eed5441052651dd7a12c75e2ed88f2ec024ae1fa3a5e59945"
dependencies = [
 "zeroize",
]

[[package]]
name = "syn"
version = "1.0.109"
source = "registry+https://github.com/rust-lang/crates.io-index"
checksum = "72b64191b275b66ffe2469e8af2c1cfe3bafa67b529ead792a6d0160888b4237"
dependencies = [
 "proc-macro2",
 "quote",
 "unicode-ident",
]

[[package]]
name = "syn"
version = "2.0.119"
source = "registry+https://github.com/rust-lang/crates.io-index"
checksum = "872831b642d1a07999a962a351ed35b955ea2cfc8f3862091e2a240a84f17297"
dependencies = [
 "proc-macro2",
 "quote",
 "unicode-ident",
]

[[package]]
name = "syn"
version = "3.0.3"
source = "registry+https://github.com/rust-lang/crates.io-index"
checksum = "53e9bae58849f64dfa4f5d5ae372c8341f7305f82a3868709269343628b659a3"
dependencies = [
 "proc-macro2",
 "quote",
 "unicode-ident",
]

[[package]]
name = "tap"
version = "1.0.1"
source = "registry+https://github.com/rust-lang/crates.io-index"
checksum = "55937e1799185b12863d447f42597ed69d9928686b8d88a1df17376a097d8369"

[[package]]
name = "tendermint-proto"
version = "0.35.0"
source = "registry+https://github.com/rust-lang/crates.io-index"
checksum = "ff525d5540a9fc535c38dc0d92a98da3ee36fcdfbda99cecb9f3cce5cd4d41d7"
dependencies = [
 "bytes",
 "flex-error",
 "num-derive",
 "num-traits",
 "prost",
 "prost-types",
 "serde",
 "serde_bytes",
 "subtle-encoding",
 "time",
]

[[package]]
name = "thiserror"
version = "1.0.69"
source = "registry+https://github.com/rust-lang/crates.io-index"
checksum = "b6aaf5339b578ea85b50e080feb250a3e8ae8cfcdff9a461c9ec2904bc923f52"
dependencies = [
 "thiserror-impl",
]

[[package]]
name = "thiserror-impl"
version = "1.0.69"
source = "registry+https://github.com/rust-lang/crates.io-index"
checksum = "4fee6c4efc90059e10f81e6d42c60a18f76588c3d74cb83a0b242a2b6c7504c1"
dependencies = [
 "proc-macro2",
 "quote",
 "syn 2.0.119",
]

[[package]]
name = "time"
version = "0.3.55"
source = "registry+https://github.com/rust-lang/crates.io-index"
checksum = "cdb87b95ec50ddfa440816d227a17b2ccbdda963a316a727fda0fc4334f7d134"
dependencies = [
 "deranged",
 "num-conv",
 "powerfmt",
 "time-core",
 "time-macros",
]

[[package]]
name = "time-core"
version = "0.1.9"
source = "registry+https://github.com/rust-lang/crates.io-index"
checksum = "9e1c906769ad99c88eaa54e728060edef082f8e358ff32030cb7c7d315e81109"

[[package]]
name = "time-macros"
version = "0.2.32"
source = "registry+https://github.com/rust-lang/crates.io-index"
checksum = "7e689342a48d2ea927c87ea50cabf8594854bf940e9310208848d680d668ed85"
dependencies = [
 "num-conv",
 "time-core",
]

[[package]]
name = "tracing"
version = "0.1.44"
source = "registry+https://github.com/rust-lang/crates.io-index"
checksum = "63e71662fa4b2a2c3a26f570f037eb95bb1f85397f3cd8076caed2f026a6d100"
dependencies = [
 "pin-project-lite",
 "tracing-attributes",
 "tracing-core",
]

[[package]]
name = "tracing-attributes"
version = "0.1.31"
source = "registry+https://github.com/rust-lang/crates.io-index"
checksum = "7490cfa5ec963746568740651ac6781f701c9c5ea257c58e057f3ba8cf69e8da"
dependencies = [
 "proc-macro2",
 "quote",
 "syn 2.0.119",
]

[[package]]
name = "tracing-core"
version = "0.1.36"
source = "registry+https://github.com/rust-lang/crates.io-index"
checksum = "db97caf9d906fbde555dd62fa95ddba9eecfd14cb388e4f491a66d74cd5fb79a"
dependencies = [
 "once_cell",
]

[[package]]
name = "typenum"
version = "1.20.1"
source = "registry+https://github.com/rust-lang/crates.io-index"
checksum = "b6f5e870be6c3b371b77fe0ee0bafb859fa4964b4404c27de1d380043c4dda20"

[[package]]
name = "unicode-ident"
version = "1.0.24"
source = "registry+https://github.com/rust-lang/crates.io-index"
checksum = "e6e4313cd5fcd3dad5cafa179702e2b244f760991f45397d14d4ebf38247da75"

[[package]]
name = "unicode-segmentation"
version = "1.13.3"
source = "registry+https://github.com/rust-lang/crates.io-index"
checksum = "c6f5d3c3b1bf09027a88a6bc961fc00497d651009560b5463668dc81b0fa87a8"

[[package]]
name = "version_check"
version = "0.9.5"
source = "registry+https://github.com/rust-lang/crates.io-index"
checksum = "0b928f33d975fc6ad9f86c8f283853ad26bdd5b10b7f1542aa2fa15e2289105a"

[[package]]
name = "wasi"
version = "0.11.1+wasi-snapshot-preview1"
source = "registry+https://github.com/rust-lang/crates.io-index"
checksum = "ccf3ec651a847eb01de73ccad15eb7d99f80485de043efb2f370cd654f4ea44b"

[[package]]
name = "windows-sys"
version = "0.48.0"
source = "registry+https://github.com/rust-lang/crates.io-index"
checksum = "677d2418bec65e3338edb076e806bc1ec15693c5d0104683f2efe857f61056a9"
dependencies = [
 "windows-targets",
]

[[package]]
name = "windows-targets"
version = "0.48.5"
source = "registry+https://github.com/rust-lang/crates.io-index"
checksum = "9a2fa6e2155d7247be68c096456083145c183cbbbc2764150dda45a87197940c"
dependencies = [
 "windows_aarch64_gnullvm",
 "windows_aarch64_msvc",
 "windows_i686_gnu",
 "windows_i686_msvc",
 "windows_x86_64_gnu",
 "windows_x86_64_gnullvm",
 "windows_x86_64_msvc",
]

[[package]]
name = "windows_aarch64_gnullvm"
version = "0.48.5"
source = "registry+https://github.com/rust-lang/crates.io-index"
checksum = "2b38e32f0abccf9987a4e3079dfb67dcd799fb61361e53e2882c3cbaf0d905d8"

[[package]]
name = "windows_aarch64_msvc"
version = "0.48.5"
source = "registry+https://github.com/rust-lang/crates.io-index"
checksum = "dc35310971f3b2dbbf3f0690a219f40e2d9afcf64f9ab7cc1be722937c26b4bc"

[[package]]
name = "windows_i686_gnu"
version = "0.48.5"
source = "registry+https://github.com/rust-lang/crates.io-index"
checksum = "a75915e7def60c94dcef72200b9a8e58e5091744960da64ec734a6c6e9b3743e"

[[package]]
name = "windows_i686_msvc"
version = "0.48.5"
source = "registry+https://github.com/rust-lang/crates.io-index"
checksum = "8f55c233f70c4b27f66c523580f78f1004e8b5a8b659e05a4eb49d4166cca406"

[[package]]
name = "windows_x86_64_gnu"
version = "0.48.5"
source = "registry+https://github.com/rust-lang/crates.io-index"
checksum = "53d40abd2583d23e4718fddf1ebec84dbff8381c07cae67ff7768bbf19c6718e"

[[package]]
name = "windows_x86_64_gnullvm"
version = "0.48.5"
source = "registry+https://github.com/rust-lang/crates.io-index"
checksum = "0b7b52767868a23d5bab768e390dc5f5c55825b6d30b86c844ff2dc7414044cc"

[[package]]
name = "windows_x86_64_msvc"
version = "0.48.5"
source = "registry+https://github.com/rust-lang/crates.io-index"
checksum = "ed94fce61571a4006852b7389a063ab983c02eb1bb37b47f8272ce92d06d9538"

[[package]]
name = "wyz"
version = "0.5.1"
source = "registry+https://github.com/rust-lang/crates.io-index"
checksum = "05f360fc0b24296329c78fda852a1e9ae82de9cf7b27dae4b7f62f118f77b9ed"
dependencies = [
 "tap",
]

[[package]]
name = "zap1-verify"
version = "0.2.1"
source = "registry+https://github.com/rust-lang/crates.io-index"
checksum = "beec56bc314a60194390b41fe9327372d3cb11e6b3f4c8a4e2ddbc7213801b7e"
dependencies = [
 "blake2b_simd",
]

[[package]]
name = "zerocopy"
version = "0.8.56"
source = "registry+https://github.com/rust-lang/crates.io-index"
checksum = "556764e583adb45a9f8d413c2a147fa7e8d821e48e12b14fd560b607998b75eb"
dependencies = [
 "zerocopy-derive",
]

[[package]]
name = "zerocopy-derive"
version = "0.8.56"
source = "registry+https://github.com/rust-lang/crates.io-index"
checksum = "f2ab42fc20575779bd240faa45f94a74256f755c0fa9e89f0ede20d91d0cdfc1"
dependencies = [
 "proc-macro2",
 "quote",
 "syn 2.0.119",
]

[[package]]
name = "zeroize"
version = "1.9.0"
source = "registry+https://github.com/rust-lang/crates.io-index"
checksum = "e13c156562582aa81c60cb29407084cdb54c4164760106ab78e6c5b0858cf64e"

[[package]]
name = "zmij"
version = "1.0.23"
source = "registry+https://github.com/rust-lang/crates.io-index"
checksum = "29666d0abbfad1e3dc4dcf6144730dd3a3ab225bbbdac83319345b1b44ccfc1b"
